
Microsoft Visual Studio Solution File, Format Version 12.00
# Visual Studio 15
VisualStudioVersion = 15.0.28307.106
MinimumVisualStudioVersion = 10.0.40219.1
Project("{FAE04EC0-301F-11D3-BF4B-00C04F79EFBC}") = "LINQpractice", "LINQpractice\LINQpractice.csproj", "{74CB4CFD-9AD8-494A-B597-B92B72CFC374}"
EndProject
Global
	GlobalSection(SolutionConfigurationPlatforms) = preSolution
		Debug|Any CPU = Debug|Any CPU
		Release|Any CPU = Release|Any CPU
	EndGlobalSection
	GlobalSection(ProjectConfigurationPlatforms) = postSolution
		{74CB4CFD-9AD8-494A-B597-B92B72CFC374}.Debug|Any CPU.ActiveCfg = Debug|Any CPU
		{74CB4CFD-9AD8-494A-B597-B92B72CFC374}.Debug|Any CPU.Build.0 = Debug|Any CPU
		{74CB4CFD-9AD8-494A-B597-B92B72CFC374}.Release|Any CPU.ActiveCfg = Release|Any CPU
		{74CB4CFD-9AD8-494A-B597-B92B72CFC374}.Release|Any CPU.Build.0 = Release|Any CPU
	EndGlobalSection
	GlobalSection(SolutionProperties) = preSolution
		HideSolutionNode = FALSE
	EndGlobalSection
	GlobalSection(ExtensibilityGlobals) = postSolution
		SolutionGuid = {0F220944-1F64-49CE-B8EC-C5C2E4CE0A26}
	EndGlobalSection
EndGlobal
